{
  "name": "chat-realtime",
  "version": "1.0.0",
  "description": "Descrição do seu projeto",
  "scripts": {
    "install-all": "cd client && npm install && cd ../server && npm install",
    "start": "npm run start:client & npm run start:server",
    "start:client": "cd client && npm run dev",
    "start:server": "cd server && npm start"
  },
  "dependencies": {},
  "devDependencies": {}
}
